{
  "name": "webwebwebs",
  "version": "1.0.6",
  "lockfileVersion": 1,
  "requires": true,
  "dependencies": {
    "acme-client": {
      "version": "4.2.2",
      "resolved": "https://registry.npmjs.org/acme-client/-/acme-client-4.2.2.tgz",
      "integrity": "sha512-bZGrR5DFzy0Z9eGkBUglZCwoG+fb90Bw9uXli6pJxoE+XcZfEBphGQJVN6O+pU/HRsPY72yLoffgiTU7b2if6A==",
      "requires": {
        "axios": "0.21.4",
        "backo2": "^1.0.0",
        "bluebird": "^3.5.0",
        "debug": "^4.1.1",
        "node-forge": "^1.2.0"
      }
    },
    "axios": {
      "version": "0.21.4",
      "resolved": "https://registry.npmjs.org/axios/-/axios-0.21.4.tgz",
      "integrity": "sha512-ut5vewkiu8jjGBdqpM44XxjuCjq9LAKeHVmoVfHVzy8eHgxxq8SbAVQNovDA8mVi05kP0Ea/n/UzcSHcTJQfNg==",
      "requires": {
        "follow-redirects": "^1.14.0"
      }
    },
    "backo2": {
      "version": "1.0.2",
      "resolved": "https://registry.npmjs.org/backo2/-/backo2-1.0.2.tgz",
      "integrity": "sha1-MasayLEpNjRj41s+u2n038+6eUc="
    },
    "bluebird": {
      "version": "3.7.2",
      "resolved": "https://registry.npmjs.org/bluebird/-/bluebird-3.7.2.tgz",
      "integrity": "sha512-XpNj6GDQzdfW+r2Wnn7xiSAd7TM3jzkxGXBGTtWKuSXv1xUV+azxAm8jdWZN06QTQk+2N2XB9jRDkvbmQmcRtg=="
    },
    "comfyclock": {
      "version": "1.0.0",
      "resolved": "https://registry.npmjs.org/comfyclock/-/comfyclock-1.0.0.tgz",
      "integrity": "sha512-2R34Ig+3WlSH/AYx8ajGTJhWeZLXkYaU9bOZEl7wV1IvKJRg772UvQrzZw8snFSWIW/mD/kZUJJo80vRdumxVA==",
      "requires": {
        "moment": "^2.24.0"
      }
    },
    "debug": {
      "version": "4.3.1",
      "resolved": "https://registry.npmjs.org/debug/-/debug-4.3.1.tgz",
      "integrity": "sha512-doEwdvm4PCeK4K3RQN2ZC2BYUBaxwLARCqZmMjtF8a51J2Rb0xpVloFRnCODwqjpwnAoao4pelN8l3RJdv3gRQ==",
      "requires": {
        "ms": "2.1.2"
      },
      "dependencies": {
        "ms": {
          "version": "2.1.2",
          "resolved": "https://registry.npmjs.org/ms/-/ms-2.1.2.tgz",
          "integrity": "sha512-sGkPx+VjMtmA6MX27oA4FBFELFCZZ4S4XqeGOXCv68tT+jb3vk/RyaKWP0PTKyWtmLSM0b+adUTEvbs1PEaH2w=="
        }
      }
    },
    "follow-redirects": {
      "version": "1.14.9",
      "resolved": "https://registry.npmjs.org/follow-redirects/-/follow-redirects-1.14.9.tgz",
      "integrity": "sha512-MQDfihBQYMcyy5dhRDJUHcw7lb2Pv/TuE6xP1vyraLukNDHKbDxDNaOE3NbCAdKQApno+GPRyo1YAp89yCjK4w=="
    },
    "moment": {
      "version": "2.24.0",
      "resolved": "https://registry.npmjs.org/moment/-/moment-2.24.0.tgz",
      "integrity": "sha512-bV7f+6l2QigeBBZSM/6yTNq4P2fNpSWj/0e7jQcy87A8e7o2nAfP/34/2ky5Vw4B9S446EtIhodAzkFCcR4dQg=="
    },
    "node-forge": {
      "version": "1.2.1",
      "resolved": "https://registry.npmjs.org/node-forge/-/node-forge-1.2.1.tgz",
      "integrity": "sha512-Fcvtbb+zBcZXbTTVwqGA5W+MKBj56UjVRevvchv5XrcyXbmNdesfZL37nlcWOfpgHhgmxApw3tQbTr4CqNmX4w=="
    },
    "webwebweb": {
      "version": "1.4.6",
      "resolved": "https://registry.npmjs.org/webwebweb/-/webwebweb-1.4.6.tgz",
      "integrity": "sha512-HV/EyE32CsJ85IzRlPz2ghDySjHPPFYxUKG70CiXBKAAan7aCGKBfh34AfIhHMiEcstBdq60sak74tMOEP+lMA=="
    }
  }
}
