{
  "name": "webwebwebs",
  "version": "1.0.7",
  "lockfileVersion": 2,
  "requires": true,
  "packages": {
    "": {
      "name": "webwebwebs",
      "version": "1.0.7",
      "license": "MIT",
      "dependencies": {
        "acme-client": "^4.1.2",
        "comfyclock": "^1.0.0",
        "debug": "^4.3.1",
        "webwebweb": "^1.5.0"
      }
    },
    "node_modules/acme-client": {
      "version": "4.2.5",
      "resolved": "https://registry.npmjs.org/acme-client/-/acme-client-4.2.5.tgz",
      "integrity": "sha512-dtnck4sdZ2owFLTC73Ewjx0kmvsRjTRgaOc8UztCNODT+lr1DXj0tiuUXjeY4LAzZryXCtCib/E+KD8NYeP1aw==",
      "dependencies": {
        "axios": "0.26.1",
        "backo2": "^1.0.0",
        "bluebird": "^3.5.0",
        "debug": "^4.1.1",
        "node-forge": "^1.3.0"
      },
      "engines": {
        "node": ">= 10"
      }
    },
    "node_modules/axios": {
      "version": "0.26.1",
      "resolved": "https://registry.npmjs.org/axios/-/axios-0.26.1.tgz",
      "integrity": "sha512-fPwcX4EvnSHuInCMItEhAGnaSEXRBjtzh9fOtsE6E1G6p7vl7edEeZe11QHf18+6+9gR5PbKV/sGKNaD8YaMeA==",
      "dependencies": {
        "follow-redirects": "^1.14.8"
      }
    },
    "node_modules/backo2": {
      "version": "1.0.2",
      "resolved": "https://registry.npmjs.org/backo2/-/backo2-1.0.2.tgz",
      "integrity": "sha512-zj6Z6M7Eq+PBZ7PQxl5NT665MvJdAkzp0f60nAJ+sLaSCBPMwVak5ZegFbgVCzFcCJTKFoMizvM5Ld7+JrRJHA=="
    },
    "node_modules/bluebird": {
      "version": "3.7.2",
      "resolved": "https://registry.npmjs.org/bluebird/-/bluebird-3.7.2.tgz",
      "integrity": "sha512-XpNj6GDQzdfW+r2Wnn7xiSAd7TM3jzkxGXBGTtWKuSXv1xUV+azxAm8jdWZN06QTQk+2N2XB9jRDkvbmQmcRtg=="
    },
    "node_modules/comfyclock": {
      "version": "1.0.0",
      "resolved": "https://registry.npmjs.org/comfyclock/-/comfyclock-1.0.0.tgz",
      "integrity": "sha512-2R34Ig+3WlSH/AYx8ajGTJhWeZLXkYaU9bOZEl7wV1IvKJRg772UvQrzZw8snFSWIW/mD/kZUJJo80vRdumxVA==",
      "dependencies": {
        "moment": "^2.24.0"
      }
    },
    "node_modules/debug": {
      "version": "4.3.4",
      "resolved": "https://registry.npmjs.org/debug/-/debug-4.3.4.tgz",
      "integrity": "sha512-PRWFHuSU3eDtQJPvnNY7Jcket1j0t5OuOsFzPPzsekD52Zl8qUfFIPEiswXqIvHWGVHOgX+7G/vCNNhehwxfkQ==",
      "dependencies": {
        "ms": "2.1.2"
      },
      "engines": {
        "node": ">=6.0"
      },
      "peerDependenciesMeta": {
        "supports-color": {
          "optional": true
        }
      }
    },
    "node_modules/follow-redirects": {
      "version": "1.15.2",
      "resolved": "https://registry.npmjs.org/follow-redirects/-/follow-redirects-1.15.2.tgz",
      "integrity": "sha512-VQLG33o04KaQ8uYi2tVNbdrWp1QWxNNea+nmIB4EVM28v0hmP17z7aG1+wAkNzVq4KeXTq3221ye5qTJP91JwA==",
      "funding": [
        {
          "type": "individual",
          "url": "https://github.com/sponsors/RubenVerborgh"
        }
      ],
      "engines": {
        "node": ">=4.0"
      },
      "peerDependenciesMeta": {
        "debug": {
          "optional": true
        }
      }
    },
    "node_modules/moment": {
      "version": "2.29.4",
      "resolved": "https://registry.npmjs.org/moment/-/moment-2.29.4.tgz",
      "integrity": "sha512-5LC9SOxjSc2HF6vO2CyuTDNivEdoz2IvyJJGj6X8DJ0eFyfszE0QiEd+iXmBvUP3WHxSjFH/vIsA0EN00cgr8w==",
      "engines": {
        "node": "*"
      }
    },
    "node_modules/ms": {
      "version": "2.1.2",
      "resolved": "https://registry.npmjs.org/ms/-/ms-2.1.2.tgz",
      "integrity": "sha512-sGkPx+VjMtmA6MX27oA4FBFELFCZZ4S4XqeGOXCv68tT+jb3vk/RyaKWP0PTKyWtmLSM0b+adUTEvbs1PEaH2w=="
    },
    "node_modules/node-forge": {
      "version": "1.3.1",
      "resolved": "https://registry.npmjs.org/node-forge/-/node-forge-1.3.1.tgz",
      "integrity": "sha512-dPEtOeMvF9VMcYV/1Wb8CPoVAXtp6MKMlcbAt4ddqmGqUJ6fQZFXkNZNkNlfevtNkGtaSoXf/vNNNSvgrdXwtA==",
      "engines": {
        "node": ">= 6.13.0"
      }
    },
    "node_modules/webwebweb": {
      "version": "1.5.0",
      "resolved": "https://registry.npmjs.org/webwebweb/-/webwebweb-1.5.0.tgz",
      "integrity": "sha512-wtju5lRHSqVREafxSSvf1/nV+Gmnldt+zpqzP+tb38UwrnQ/e+jDzZ5mbwJCIE4lix4yl5rjs2hQ12Jcm2Gogw=="
    }
  },
  "dependencies": {
    "acme-client": {
      "version": "4.2.5",
      "resolved": "https://registry.npmjs.org/acme-client/-/acme-client-4.2.5.tgz",
      "integrity": "sha512-dtnck4sdZ2owFLTC73Ewjx0kmvsRjTRgaOc8UztCNODT+lr1DXj0tiuUXjeY4LAzZryXCtCib/E+KD8NYeP1aw==",
      "requires": {
        "axios": "0.26.1",
        "backo2": "^1.0.0",
        "bluebird": "^3.5.0",
        "debug": "^4.1.1",
        "node-forge": "^1.3.0"
      }
    },
    "axios": {
      "version": "0.26.1",
      "resolved": "https://registry.npmjs.org/axios/-/axios-0.26.1.tgz",
      "integrity": "sha512-fPwcX4EvnSHuInCMItEhAGnaSEXRBjtzh9fOtsE6E1G6p7vl7edEeZe11QHf18+6+9gR5PbKV/sGKNaD8YaMeA==",
      "requires": {
        "follow-redirects": "^1.14.8"
      }
    },
    "backo2": {
      "version": "1.0.2",
      "resolved": "https://registry.npmjs.org/backo2/-/backo2-1.0.2.tgz",
      "integrity": "sha512-zj6Z6M7Eq+PBZ7PQxl5NT665MvJdAkzp0f60nAJ+sLaSCBPMwVak5ZegFbgVCzFcCJTKFoMizvM5Ld7+JrRJHA=="
    },
    "bluebird": {
      "version": "3.7.2",
      "resolved": "https://registry.npmjs.org/bluebird/-/bluebird-3.7.2.tgz",
      "integrity": "sha512-XpNj6GDQzdfW+r2Wnn7xiSAd7TM3jzkxGXBGTtWKuSXv1xUV+azxAm8jdWZN06QTQk+2N2XB9jRDkvbmQmcRtg=="
    },
    "comfyclock": {
      "version": "1.0.0",
      "resolved": "https://registry.npmjs.org/comfyclock/-/comfyclock-1.0.0.tgz",
      "integrity": "sha512-2R34Ig+3WlSH/AYx8ajGTJhWeZLXkYaU9bOZEl7wV1IvKJRg772UvQrzZw8snFSWIW/mD/kZUJJo80vRdumxVA==",
      "requires": {
        "moment": "^2.24.0"
      }
    },
    "debug": {
      "version": "4.3.4",
      "resolved": "https://registry.npmjs.org/debug/-/debug-4.3.4.tgz",
      "integrity": "sha512-PRWFHuSU3eDtQJPvnNY7Jcket1j0t5OuOsFzPPzsekD52Zl8qUfFIPEiswXqIvHWGVHOgX+7G/vCNNhehwxfkQ==",
      "requires": {
        "ms": "2.1.2"
      }
    },
    "follow-redirects": {
      "version": "1.15.2",
      "resolved": "https://registry.npmjs.org/follow-redirects/-/follow-redirects-1.15.2.tgz",
      "integrity": "sha512-VQLG33o04KaQ8uYi2tVNbdrWp1QWxNNea+nmIB4EVM28v0hmP17z7aG1+wAkNzVq4KeXTq3221ye5qTJP91JwA=="
    },
    "moment": {
      "version": "2.29.4",
      "resolved": "https://registry.npmjs.org/moment/-/moment-2.29.4.tgz",
      "integrity": "sha512-5LC9SOxjSc2HF6vO2CyuTDNivEdoz2IvyJJGj6X8DJ0eFyfszE0QiEd+iXmBvUP3WHxSjFH/vIsA0EN00cgr8w=="
    },
    "ms": {
      "version": "2.1.2",
      "resolved": "https://registry.npmjs.org/ms/-/ms-2.1.2.tgz",
      "integrity": "sha512-sGkPx+VjMtmA6MX27oA4FBFELFCZZ4S4XqeGOXCv68tT+jb3vk/RyaKWP0PTKyWtmLSM0b+adUTEvbs1PEaH2w=="
    },
    "node-forge": {
      "version": "1.3.1",
      "resolved": "https://registry.npmjs.org/node-forge/-/node-forge-1.3.1.tgz",
      "integrity": "sha512-dPEtOeMvF9VMcYV/1Wb8CPoVAXtp6MKMlcbAt4ddqmGqUJ6fQZFXkNZNkNlfevtNkGtaSoXf/vNNNSvgrdXwtA=="
    },
    "webwebweb": {
      "version": "1.5.0",
      "resolved": "https://registry.npmjs.org/webwebweb/-/webwebweb-1.5.0.tgz",
      "integrity": "sha512-wtju5lRHSqVREafxSSvf1/nV+Gmnldt+zpqzP+tb38UwrnQ/e+jDzZ5mbwJCIE4lix4yl5rjs2hQ12Jcm2Gogw=="
    }
  }
}
